hash: 0294c9d89a51cb810f198672f99a1162f8c944d3d86f77ccc18b3d91c6921b75
updated: 2017-12-04T11:12:10.069057947+01:00
imports:
- name: github.com/golang/protobuf
  version: 1e59b77b52bf8e4b449a57e6f79f21226d571845
  subpackages:
  - proto
- name: github.com/gorilla/context
  version: 08b5f424b9271eedf6f9f0ce86cb9396ed337a42
- name: github.com/gorilla/mux
  version: c572efe4294d5a0e354e01f2ddaa8b1f0c3cb3dd
- name: github.com/gorilla/securecookie
  version: e59506cc896acb7f7bf732d4fdf5e25f7ccd8983
- name: github.com/gorilla/sessions
  version: ca9ada44574153444b00d3fd9c8559e4cc95f896
  repo: https://github.com/gorilla/sessions
  vcs: git
- name: github.com/gorilla/websocket
  version: ea4d1f681babbce9545c9c5f3d5194a789c89f5b
  repo: https://github.com/gorilla/websocket.git
  vcs: git
- name: github.com/joho/godotenv
  version: a79fa1e548e2c689c241d10173efd51e5d689d5b
- name: github.com/markbates/goth
  version: 86ca064cf1b7ebefa670bdc9eaadba0f3a6d9607
  repo: https://github.com/markbates/goth
  vcs: git
  subpackages:
  - gothic
  - providers/gplus
- name: golang.org/x/net
  version: a8b9294777976932365dabb6640cf1468d95c70f
  subpackages:
  - context
  - context/ctxhttp
- name: golang.org/x/oauth2
  version: f95fa95eaa936d9d87489b15d1d18b97c1ba9c28
  subpackages:
  - internal
- name: google.golang.org/appengine
  version: 9d8544a6b2c7df9cff240fcf92d7b2f59bc13416
  subpackages:
  - internal
  - internal/base
  - internal/datastore
  - internal/log
  - internal/remote_api
  - internal/urlfetch
  - urlfetch
testImports: []
